Microsoft Visual Studio Solution File, Format Version 12.00
# Visual Studio Version 17
VisualStudioVersion = 17.5.2.0
MinimumVisualStudioVersion = 10.0.40219.1
Project("{FAE04EC0-301F-11D3-BF4B-00C04F79EFBC}") = "boid", "boid.csproj", "{39541827-ADF6-1A48-A3A6-0877D1FDABA2}"
EndProject
Global
	GlobalSection(SolutionConfigurationPlatforms) = preSolution
		Debug|Any CPU = Debug|Any CPU
		Release|Any CPU = Release|Any CPU
	EndGlobalSection
	GlobalSection(ProjectConfigurationPlatforms) = postSolution
		{39541827-ADF6-1A48-A3A6-0877D1FDABA2}.Debug|Any CPU.ActiveCfg = Debug|Any CPU
		{39541827-ADF6-1A48-A3A6-0877D1FDABA2}.Debug|Any CPU.Build.0 = Debug|Any CPU
		{39541827-ADF6-1A48-A3A6-0877D1FDABA2}.Release|Any CPU.ActiveCfg = Release|Any CPU
		{39541827-ADF6-1A48-A3A6-0877D1FDABA2}.Release|Any CPU.Build.0 = Release|Any CPU
	EndGlobalSection
	GlobalSection(SolutionProperties) = preSolution
		HideSolutionNode = FALSE
	EndGlobalSection
	GlobalSection(ExtensibilityGlobals) = postSolution
		SolutionGuid = {3329EE2D-8849-4E31-A687-A04E869EFDAB}
	EndGlobalSection
EndGlobal
